
Microsoft Visual Studio Solution File, Format Version 12.00
# Visual Studio Version 17
VisualStudioVersion = 17.9.34616.47
MinimumVisualStudioVersion = 10.0.40219.1
Project("{9A19103F-16F7-4668-BE54-9A1E7A4F7556}") = "TinaKingConsulting", "TinaKingConsulting\TinaKingConsulting\TinaKingConsulting.csproj", "{8AD69E26-E61C-4BC6-9BBF-312DB62D164C}"
EndProject
Project("{9A19103F-16F7-4668-BE54-9A1E7A4F7556}") = "TinaKingConsulting.Client", "TinaKingConsulting\TinaKingConsulting.Client\TinaKingConsulting.Client.csproj", "{D0D6CECD-DA18-4E9D-BEE5-DB68EC7C1916}"
EndProject
Project("{FAE04EC0-301F-11D3-BF4B-00C04F79EFBC}") = "TinaKingConsultingClassLibrary", "TinaKingConsultingClassLibrary\TinaKingConsultingClassLibrary.csproj", "{7A69D23D-F71A-4C93-992A-B66F0D00EE7A}"
EndProject
Project("{FAE04EC0-301F-11D3-BF4B-00C04F79EFBC}") = "TinaKingConsultingWenbAPI", "TinaKingConsultingWenbAPI\TinaKingConsultingWenbAPI.csproj", "{383BEC1E-8927-425A-B1B0-0E3B6A444097}"
EndProject
Global
	GlobalSection(SolutionConfigurationPlatforms) = preSolution
		Debug|Any CPU = Debug|Any CPU
		Release|Any CPU = Release|Any CPU
	EndGlobalSection
	GlobalSection(ProjectConfigurationPlatforms) = postSolution
		{8AD69E26-E61C-4BC6-9BBF-312DB62D164C}.Debug|Any CPU.ActiveCfg = Debug|Any CPU
		{8AD69E26-E61C-4BC6-9BBF-312DB62D164C}.Debug|Any CPU.Build.0 = Debug|Any CPU
		{8AD69E26-E61C-4BC6-9BBF-312DB62D164C}.Release|Any CPU.ActiveCfg = Release|Any CPU
		{8AD69E26-E61C-4BC6-9BBF-312DB62D164C}.Release|Any CPU.Build.0 = Release|Any CPU
		{D0D6CECD-DA18-4E9D-BEE5-DB68EC7C1916}.Debug|Any CPU.ActiveCfg = Debug|Any CPU
		{D0D6CECD-DA18-4E9D-BEE5-DB68EC7C1916}.Debug|Any CPU.Build.0 = Debug|Any CPU
		{D0D6CECD-DA18-4E9D-BEE5-DB68EC7C1916}.Release|Any CPU.ActiveCfg = Release|Any CPU
		{D0D6CECD-DA18-4E9D-BEE5-DB68EC7C1916}.Release|Any CPU.Build.0 = Release|Any CPU
		{7A69D23D-F71A-4C93-992A-B66F0D00EE7A}.Debug|Any CPU.ActiveCfg = Debug|Any CPU
		{7A69D23D-F71A-4C93-992A-B66F0D00EE7A}.Debug|Any CPU.Build.0 = Debug|Any CPU
		{7A69D23D-F71A-4C93-992A-B66F0D00EE7A}.Release|Any CPU.ActiveCfg = Release|Any CPU
		{7A69D23D-F71A-4C93-992A-B66F0D00EE7A}.Release|Any CPU.Build.0 = Release|Any CPU
		{383BEC1E-8927-425A-B1B0-0E3B6A444097}.Debug|Any CPU.ActiveCfg = Debug|Any CPU
		{383BEC1E-8927-425A-B1B0-0E3B6A444097}.Debug|Any CPU.Build.0 = Debug|Any CPU
		{383BEC1E-8927-425A-B1B0-0E3B6A444097}.Release|Any CPU.ActiveCfg = Release|Any CPU
		{383BEC1E-8927-425A-B1B0-0E3B6A444097}.Release|Any CPU.Build.0 = Release|Any CPU
	EndGlobalSection
	GlobalSection(SolutionProperties) = preSolution
		HideSolutionNode = FALSE
	EndGlobalSection
	GlobalSection(ExtensibilityGlobals) = postSolution
		SolutionGuid = {89CDCB72-8FFC-46DE-89D3-118D5827379D}
	EndGlobalSection
EndGlobal
